{
  "name": "prep",
  "version": "1.0.0",
  "lockfileVersion": 1,
  "requires": true,
  "dependencies": {
    "awssdk": {
      "version": "1.0.1",
      "resolved": "https://registry.npmjs.org/awssdk/-/awssdk-1.0.1.tgz",
      "integrity": "sha512-gNJMwfBQe8LkPU5JSN11YEUYL1rHSnqOVzM0vY80PQguNzln0T5IdJKDKnBfrKyUNNujOfs7SHLmkdsdBRZ5fg==",
      "dev": true
    }
  }
}
